
Microsoft Visual Studio Solution File, Format Version 12.00
# Visual Studio Version 17
VisualStudioVersion = 17.8.34525.116
MinimumVisualStudioVersion = 10.0.40219.1
Project("{FAE04EC0-301F-11D3-BF4B-00C04F79EFBC}") = "Words.Server", "Words.Server\Words.Server.csproj", "{7627CD64-5E73-489B-A76C-E0CBC73D5F0E}"
EndProject
Project("{54A90642-561A-4BB1-A94E-469ADEE60C69}") = "words.client", "words.client\words.client.esproj", "{E46C046E-A88A-46AE-8614-5D2C394CE1BF}"
EndProject
Project("{FAE04EC0-301F-11D3-BF4B-00C04F79EFBC}") = "Tests", "Tests\Tests.csproj", "{B3BD0A5C-8691-4C99-B081-DBEA279F93B7}"
EndProject
Global
	GlobalSection(SolutionConfigurationPlatforms) = preSolution
		Debug|Any CPU = Debug|Any CPU
		Release|Any CPU = Release|Any CPU
	EndGlobalSection
	GlobalSection(ProjectConfigurationPlatforms) = postSolution
		{7627CD64-5E73-489B-A76C-E0CBC73D5F0E}.Debug|Any CPU.ActiveCfg = Debug|Any CPU
		{7627CD64-5E73-489B-A76C-E0CBC73D5F0E}.Debug|Any CPU.Build.0 = Debug|Any CPU
		{7627CD64-5E73-489B-A76C-E0CBC73D5F0E}.Release|Any CPU.ActiveCfg = Release|Any CPU
		{7627CD64-5E73-489B-A76C-E0CBC73D5F0E}.Release|Any CPU.Build.0 = Release|Any CPU
		{E46C046E-A88A-46AE-8614-5D2C394CE1BF}.Debug|Any CPU.ActiveCfg = Debug|Any CPU
		{E46C046E-A88A-46AE-8614-5D2C394CE1BF}.Debug|Any CPU.Build.0 = Debug|Any CPU
		{E46C046E-A88A-46AE-8614-5D2C394CE1BF}.Debug|Any CPU.Deploy.0 = Debug|Any CPU
		{E46C046E-A88A-46AE-8614-5D2C394CE1BF}.Release|Any CPU.ActiveCfg = Release|Any CPU
		{E46C046E-A88A-46AE-8614-5D2C394CE1BF}.Release|Any CPU.Build.0 = Release|Any CPU
		{E46C046E-A88A-46AE-8614-5D2C394CE1BF}.Release|Any CPU.Deploy.0 = Release|Any CPU
		{B3BD0A5C-8691-4C99-B081-DBEA279F93B7}.Debug|Any CPU.ActiveCfg = Debug|Any CPU
		{B3BD0A5C-8691-4C99-B081-DBEA279F93B7}.Debug|Any CPU.Build.0 = Debug|Any CPU
		{B3BD0A5C-8691-4C99-B081-DBEA279F93B7}.Release|Any CPU.ActiveCfg = Release|Any CPU
		{B3BD0A5C-8691-4C99-B081-DBEA279F93B7}.Release|Any CPU.Build.0 = Release|Any CPU
	EndGlobalSection
	GlobalSection(SolutionProperties) = preSolution
		HideSolutionNode = FALSE
	EndGlobalSection
	GlobalSection(ExtensibilityGlobals) = postSolution
		SolutionGuid = {B20CAB10-C1F1-4B80-8536-E705DFFDBFF0}
	EndGlobalSection
EndGlobal
